// !$*UTF8*$!
{
	archiveVersion = 1;
	classes = {
	};
	objectVersion = 51;
	objects = {

/* Begin PBXBuildFile section */
		1D1EFA3B23D9937100ACACB9 /* PosterView.swift in Sources */ = {isa = PBXBuildFile; fileRef = 1D1EFA3923D9937100ACACB9 /* PosterView.swift */; };
		1D1EFA3D23D99ED000ACACB9 /* colors.swift in Sources */ = {isa = PBXBuildFile; fileRef = 1D1EFA3C23D99ED000ACACB9 /* colors.swift */; };
		1D5139C12407C5F7007A3730 /* sf-compact-display-thin-58646eb43a785.otf in Resources */ = {isa = PBXBuildFile; fileRef = 1D5139C02407C5D4007A3730 /* sf-compact-display-thin-58646eb43a785.otf */; };
		1D8062F223F53697005EEE00 /* ContinuationViewController.swift in Sources */ = {isa = PBXBuildFile; fileRef = 1D8062F123F53697005EEE00 /* ContinuationViewController.swift */; };
		1D8062F423F536C5005EEE00 /* ResultViewController.swift in Sources */ = {isa = PBXBuildFile; fileRef = 1D8062F323F536C5005EEE00 /* ResultViewController.swift */; };
		1D8062F623F536D8005EEE00 /* ContactViewController.swift in Sources */ = {isa = PBXBuildFile; fileRef = 1D8062F523F536D8005EEE00 /* ContactViewController.swift */; };
		1D8062F823F53C1A005EEE00 /* CreditViewController.swift in Sources */ = {isa = PBXBuildFile; fileRef = 1D8062F723F53C1A005EEE00 /* CreditViewController.swift */; };
		9CB210B73513390A27A4CC52 /* Pods_NextMovie.framework in Frameworks */ = {isa = PBXBuildFile; fileRef = 8C1E6924E9CF0C30EB863E1D /* Pods_NextMovie.framework */; };
		D9A0E58D23C717F5007BF1DA /* Choice.swift in Sources */ = {isa = PBXBuildFile; fileRef = D9A0E58C23C717F5007BF1DA /* Choice.swift */; };
		D9A8422C23A22167003CDDAA /* AppDelegate.swift in Sources */ = {isa = PBXBuildFile; fileRef = D9A8422B23A22167003CDDAA /* AppDelegate.swift */; };
		D9A8423023A22167003CDDAA /* ViewController.swift in Sources */ = {isa = PBXBuildFile; fileRef = D9A8422F23A22167003CDDAA /* ViewController.swift */; };
		D9A8423323A22167003CDDAA /* Main.storyboard in Resources */ = {isa = PBXBuildFile; fileRef = D9A8423123A22167003CDDAA /* Main.storyboard */; };
		D9A8423523A22168003CDDAA /* Assets.xcassets in Resources */ = {isa = PBXBuildFile; fileRef = D9A8423423A22168003CDDAA /* Assets.xcassets */; };
		D9A8423823A22168003CDDAA /* LaunchScreen.storyboard in Resources */ = {isa = PBXBuildFile; fileRef = D9A8423623A22168003CDDAA /* LaunchScreen.storyboard */; };
		D9E34A4423A2315C004C149C /* MovieService.swift in Sources */ = {isa = PBXBuildFile; fileRef = D9E34A4323A2315C004C149C /* MovieService.swift */; };
		D9E34A4623A23EF8004C149C /* Movie.swift in Sources */ = {isa = PBXBuildFile; fileRef = D9E34A4523A23EF8004C149C /* Movie.swift */; };
/* End PBXBuildFile section */

/* Begin PBXFileReference section */
		1D1EFA3A23D9937100ACACB9 /* Base */ = {isa = PBXFileReference; lastKnownFileType = sourcecode.swift; name = Base; path = Base.lproj/PosterView.swift; sourceTree = "<group>"; };
		1D1EFA3C23D99ED000ACACB9 /* colors.swift */ = {isa = PBXFileReference; lastKnownFileType = sourcecode.swift; path = colors.swift; sourceTree = "<group>"; };
		1D5139C02407C5D4007A3730 /* sf-compact-display-thin-58646eb43a785.otf */ = {isa = PBXFileReference; lastKnownFileType = file; path = "sf-compact-display-thin-58646eb43a785.otf"; sourceTree = "<group>"; };
		1D8062F123F53697005EEE00 /* ContinuationViewController.swift */ = {isa = PBXFileReference; lastKnownFileType = sourcecode.swift; path = ContinuationViewController.swift; sourceTree = "<group>"; };
		1D8062F323F536C5005EEE00 /* ResultViewController.swift */ = {isa = PBXFileReference; lastKnownFileType = sourcecode.swift; path = ResultViewController.swift; sourceTree = "<group>"; };
		1D8062F523F536D8005EEE00 /* ContactViewController.swift */ = {isa = PBXFileReference; lastKnownFileType = sourcecode.swift; path = ContactViewController.swift; sourceTree = "<group>"; };
		1D8062F723F53C1A005EEE00 /* CreditViewController.swift */ = {isa = PBXFileReference; lastKnownFileType = sourcecode.swift; path = CreditViewController.swift; sourceTree = "<group>"; };
		6771E7730FB3BB41E9D927ED /* Pods-NextMovie.release.xcconfig */ = {isa = PBXFileReference; includeInIndex = 1; lastKnownFileType = text.xcconfig; name = "Pods-NextMovie.release.xcconfig"; path = "Target Support Files/Pods-NextMovie/Pods-NextMovie.release.xcconfig"; sourceTree = "<group>"; };
		8C1E6924E9CF0C30EB863E1D /* Pods_NextMovie.framework */ = {isa = PBXFileReference; explicitFileType = wrapper.framework; includeInIndex = 0; path = Pods_NextMovie.framework; sourceTree = BUILT_PRODUCTS_DIR; };
		D9A0E58C23C717F5007BF1DA /* Choice.swift */ = {isa = PBXFileReference; lastKnownFileType = sourcecode.swift; path = Choice.swift; sourceTree = "<group>"; };
		D9A8422823A22167003CDDAA /* NextMovie.app */ = {isa = PBXFileReference; explicitFileType = wrapper.application; includeInIndex = 0; path = NextMovie.app; sourceTree = BUILT_PRODUCTS_DIR; };
		D9A8422B23A22167003CDDAA /* AppDelegate.swift */ = {isa = PBXFileReference; lastKnownFileType = sourcecode.swift; path = AppDelegate.swift; sourceTree = "<group>"; };
		D9A8422F23A22167003CDDAA /* ViewController.swift */ = {isa = PBXFileReference; lastKnownFileType = sourcecode.swift; path = ViewController.swift; sourceTree = "<group>"; };
		D9A8423223A22167003CDDAA /* Base */ = {isa = PBXFileReference; lastKnownFileType = file.storyboard; name = Base; path = Base.lproj/Main.storyboard; sourceTree = "<group>"; };
		D9A8423423A22168003CDDAA /* Assets.xcassets */ = {isa = PBXFileReference; lastKnownFileType = folder.assetcatalog; path = Assets.xcassets; sourceTree = "<group>"; };
		D9A8423723A22168003CDDAA /* Base */ = {isa = PBXFileReference; lastKnownFileType = file.storyboard; name = Base; path = Base.lproj/LaunchScreen.storyboard; sourceTree = "<group>"; };
		D9A8423923A22168003CDDAA /* Info.plist */ = {isa = PBXFileReference; lastKnownFileType = text.plist.xml; path = Info.plist; sourceTree = "<group>"; };
		D9E34A4323A2315C004C149C /* MovieService.swift */ = {isa = PBXFileReference; lastKnownFileType = sourcecode.swift; path = MovieService.swift; sourceTree = "<group>"; };
		D9E34A4523A23EF8004C149C /* Movie.swift */ = {isa = PBXFileReference; lastKnownFileType = sourcecode.swift; path = Movie.swift; sourceTree = "<group>"; };
		F5A3BFDF024D5299750D2647 /* Pods-NextMovie.debug.xcconfig */ = {isa = PBXFileReference; includeInIndex = 1; lastKnownFileType = text.xcconfig; name = "Pods-NextMovie.debug.xcconfig"; path = "Target Support Files/Pods-NextMovie/Pods-NextMovie.debug.xcconfig"; sourceTree = "<group>"; };
/* End PBXFileReference section */

/* Begin PBXFrameworksBuildPhase section */
		D9A8422523A22167003CDDAA /* Frameworks */ = {
			isa = PBXFrameworksBuildPhase;
			buildActionMask = 2147483647;
			files = (
				9CB210B73513390A27A4CC52 /* Pods_NextMovie.framework in Frameworks */,
			);
			runOnlyForDeploymentPostprocessing = 0;
		};
/* End PBXFrameworksBuildPhase section */

/* Begin PBXGroup section */
		1D5139BE2407C5C0007A3730 /* fonts */ = {
			isa = PBXGroup;
			children = (
				1D5139C02407C5D4007A3730 /* sf-compact-display-thin-58646eb43a785.otf */,
			);
			path = fonts;
			sourceTree = "<group>";
		};
		54336C5559B3BDB041BEB687 /* Frameworks */ = {
			isa = PBXGroup;
			children = (
				8C1E6924E9CF0C30EB863E1D /* Pods_NextMovie.framework */,
			);
			name = Frameworks;
			sourceTree = "<group>";
		};
		D9A8421F23A22166003CDDAA = {
			isa = PBXGroup;
			children = (
				D9A8422A23A22167003CDDAA /* NextMovie */,
				D9A8422923A22167003CDDAA /* Products */,
				F83C86D0EDF28A24B0078A56 /* Pods */,
				54336C5559B3BDB041BEB687 /* Frameworks */,
			);
			sourceTree = "<group>";
		};
		D9A8422923A22167003CDDAA /* Products */ = {
			isa = PBXGroup;
			children = (
				D9A8422823A22167003CDDAA /* NextMovie.app */,
			);
			name = Products;
			sourceTree = "<group>";
		};
		D9A8422A23A22167003CDDAA /* NextMovie */ = {
			isa = PBXGroup;
			children = (
				1D5139BE2407C5C0007A3730 /* fonts */,
				D9E34A3F23A22E3D004C149C /* View */,
				D9E34A4123A22E65004C149C /* Model */,
				D9E34A4023A22E52004C149C /* SupportingFiles */,
				D9E34A4223A22E73004C149C /* Controller */,
			);
			path = NextMovie;
			sourceTree = "<group>";
		};
		D9E34A3F23A22E3D004C149C /* View */ = {
			isa = PBXGroup;
			children = (
				D9A8423123A22167003CDDAA /* Main.storyboard */,
				1D1EFA3923D9937100ACACB9 /* PosterView.swift */,
			);
			path = View;
			sourceTree = "<group>";
		};
		D9E34A4023A22E52004C149C /* SupportingFiles */ = {
			isa = PBXGroup;
			children = (
				D9A8422B23A22167003CDDAA /* AppDelegate.swift */,
				D9A8423423A22168003CDDAA /* Assets.xcassets */,
				D9A8423623A22168003CDDAA /* LaunchScreen.storyboard */,
				D9A8423923A22168003CDDAA /* Info.plist */,
				1D1EFA3C23D99ED000ACACB9 /* colors.swift */,
			);
			path = SupportingFiles;
			sourceTree = "<group>";
		};
		D9E34A4123A22E65004C149C /* Model */ = {
			isa = PBXGroup;
			children = (
				D9E34A4323A2315C004C149C /* MovieService.swift */,
				D9E34A4523A23EF8004C149C /* Movie.swift */,
				D9A0E58C23C717F5007BF1DA /* Choice.swift */,
			);
			path = Model;
			sourceTree = "<group>";
		};
		D9E34A4223A22E73004C149C /* Controller */ = {
			isa = PBXGroup;
			children = (
				D9A8422F23A22167003CDDAA /* ViewController.swift */,
				1D8062F123F53697005EEE00 /* ContinuationViewController.swift */,
				1D8062F323F536C5005EEE00 /* ResultViewController.swift */,
				1D8062F523F536D8005EEE00 /* ContactViewController.swift */,
				1D8062F723F53C1A005EEE00 /* CreditViewController.swift */,
			);
			path = Controller;
			sourceTree = "<group>";
		};
		F83C86D0EDF28A24B0078A56 /* Pods */ = {
			isa = PBXGroup;
			children = (
				F5A3BFDF024D5299750D2647 /* Pods-NextMovie.debug.xcconfig */,
				6771E7730FB3BB41E9D927ED /* Pods-NextMovie.release.xcconfig */,
			);
			path = Pods;
			sourceTree = "<group>";
		};
/* End PBXGroup section */

/* Begin PBXNativeTarget section */
		D9A8422723A22167003CDDAA /* NextMovie */ = {
			isa = PBXNativeTarget;
			buildConfigurationList = D9A8423C23A22168003CDDAA /* Build configuration list for PBXNativeTarget "NextMovie" */;
			buildPhases = (
				18C344EDC5B088B14C7F966F /* [CP] Check Pods Manifest.lock */,
				D9A8422423A22167003CDDAA /* Sources */,
				D9A8422523A22167003CDDAA /* Frameworks */,
				D9A8422623A22167003CDDAA /* Resources */,
				BAEAB825FA39F02D8D9EB756 /* [CP] Embed Pods Frameworks */,
			);
			buildRules = (
			);
			dependencies = (
			);
			name = NextMovie;
			productName = NextMovie;
			productReference = D9A8422823A22167003CDDAA /* NextMovie.app */;
			productType = "com.apple.product-type.application";
		};
/* End PBXNativeTarget section */

/* Begin PBXProject section */
		D9A8422023A22166003CDDAA /* Project object */ = {
			isa = PBXProject;
			attributes = {
				LastSwiftUpdateCheck = 1120;
				LastUpgradeCheck = 1120;
				ORGANIZATIONNAME = TonyDam;
				TargetAttributes = {
					D9A8422723A22167003CDDAA = {
						CreatedOnToolsVersion = 11.2.1;
					};
				};
			};
			buildConfigurationList = D9A8422323A22166003CDDAA /* Build configuration list for PBXProject "NextMovie" */;
			compatibilityVersion = "Xcode 9.3";
			developmentRegion = en;
			hasScannedForEncodings = 0;
			knownRegions = (
				en,
				Base,
			);
			mainGroup = D9A8421F23A22166003CDDAA;
			productRefGroup = D9A8422923A22167003CDDAA /* Products */;
			projectDirPath = "";
			projectRoot = "";
			targets = (
				D9A8422723A22167003CDDAA /* NextMovie */,
			);
		};
/* End PBXProject section */

/* Begin PBXResourcesBuildPhase section */
		D9A8422623A22167003CDDAA /* Resources */ = {
			isa = PBXResourcesBuildPhase;
			buildActionMask = 2147483647;
			files = (
				D9A8423823A22168003CDDAA /* LaunchScreen.storyboard in Resources */,
				1D5139C12407C5F7007A3730 /* sf-compact-display-thin-58646eb43a785.otf in Resources */,
				D9A8423523A22168003CDDAA /* Assets.xcassets in Resources */,
				D9A8423323A22167003CDDAA /* Main.storyboard in Resources */,
			);
			runOnlyForDeploymentPostprocessing = 0;
		};
/* End PBXResourcesBuildPhase section */

/* Begin PBXShellScriptBuildPhase section */
		18C344EDC5B088B14C7F966F /* [CP] Check Pods Manifest.lock */ = {
			isa = PBXShellScriptBuildPhase;
			buildActionMask = 2147483647;
			files = (
			);
			inputFileListPaths = (
			);
			inputPaths = (
				"${PODS_PODFILE_DIR_PATH}/Podfile.lock",
				"${PODS_ROOT}/Manifest.lock",
			);
			name = "[CP] Check Pods Manifest.lock";
			outputFileListPaths = (
			);
			outputPaths = (
				"$(DERIVED_FILE_DIR)/Pods-NextMovie-checkManifestLockResult.txt",
			);
			runOnlyForDeploymentPostprocessing = 0;
			shellPath = /bin/sh;
			shellScript = "diff \"${PODS_PODFILE_DIR_PATH}/Podfile.lock\" \"${PODS_ROOT}/Manifest.lock\" > /dev/null\nif [ $? != 0 ] ; then\n    # print error to STDERR\n    echo \"error: The sandbox is not in sync with the Podfile.lock. Run 'pod install' or update your CocoaPods installation.\" >&2\n    exit 1\nfi\n# This output is used by Xcode 'outputs' to avoid re-running this script phase.\necho \"SUCCESS\" > \"${SCRIPT_OUTPUT_FILE_0}\"\n";
			showEnvVarsInLog = 0;
		};
		BAEAB825FA39F02D8D9EB756 /* [CP] Embed Pods Frameworks */ = {
			isa = PBXShellScriptBuildPhase;
			buildActionMask = 2147483647;
			files = (
			);
			inputFileListPaths = (
				"${PODS_ROOT}/Target Support Files/Pods-NextMovie/Pods-NextMovie-frameworks-${CONFIGURATION}-input-files.xcfilelist",
			);
			name = "[CP] Embed Pods Frameworks";
			outputFileListPaths = (
				"${PODS_ROOT}/Target Support Files/Pods-NextMovie/Pods-NextMovie-frameworks-${CONFIGURATION}-output-files.xcfilelist",
			);
			runOnlyForDeploymentPostprocessing = 0;
			shellPath = /bin/sh;
			shellScript = "\"${PODS_ROOT}/Target Support Files/Pods-NextMovie/Pods-NextMovie-frameworks.sh\"\n";
			showEnvVarsInLog = 0;
		};
/* End PBXShellScriptBuildPhase section */

/* Begin PBXSourcesBuildPhase section */
		D9A8422423A22167003CDDAA /* Sources */ = {
			isa = PBXSourcesBuildPhase;
			buildActionMask = 2147483647;
			files = (
				D9A0E58D23C717F5007BF1DA /* Choice.swift in Sources */,
				1D1EFA3D23D99ED000ACACB9 /* colors.swift in Sources */,
				1D8062F223F53697005EEE00 /* ContinuationViewController.swift in Sources */,
				D9A8423023A22167003CDDAA /* ViewController.swift in Sources */,
				D9A8422C23A22167003CDDAA /* AppDelegate.swift in Sources */,
				D9E34A4423A2315C004C149C /* MovieService.swift in Sources */,
				1D1EFA3B23D9937100ACACB9 /* PosterView.swift in Sources */,
				D9E34A4623A23EF8004C149C /* Movie.swift in Sources */,
				1D8062F423F536C5005EEE00 /* ResultViewController.swift in Sources */,
				1D8062F623F536D8005EEE00 /* ContactViewController.swift in Sources */,
				1D8062F823F53C1A005EEE00 /* CreditViewController.swift in Sources */,
			);
			runOnlyForDeploymentPostprocessing = 0;
		};
/* End PBXSourcesBuildPhase section */

/* Begin PBXVariantGroup section */
		1D1EFA3923D9937100ACACB9 /* PosterView.swift */ = {
			isa = PBXVariantGroup;
			children = (
				1D1EFA3A23D9937100ACACB9 /* Base */,
			);
			name = PosterView.swift;
			sourceTree = "<group>";
		};
		D9A8423123A22167003CDDAA /* Main.storyboard */ = {
			isa = PBXVariantGroup;
			children = (
				D9A8423223A22167003CDDAA /* Base */,
			);
			name = Main.storyboard;
			sourceTree = "<group>";
		};
		D9A8423623A22168003CDDAA /* LaunchScreen.storyboard */ = {
			isa = PBXVariantGroup;
			children = (
				D9A8423723A22168003CDDAA /* Base */,
			);
			name = LaunchScreen.storyboard;
			sourceTree = "<group>";
		};
/* End PBXVariantGroup section */

/* Begin XCBuildConfiguration section */
		D9A8423A23A22168003CDDAA /* Debug */ = {
			isa = XCBuildConfiguration;
			buildSettings = {
				ALWAYS_SEARCH_USER_PATHS = NO;
				CLANG_ANALYZER_NONNULL = YES;
				CLANG_ANALYZER_NUMBER_OBJECT_CONVERSION = YES_AGGRESSIVE;
				CLANG_CXX_LANGUAGE_STANDARD = "gnu++14";
				CLANG_CXX_LIBRARY = "libc++";
				CLANG_ENABLE_MODULES = YES;
				CLANG_ENABLE_OBJC_ARC = YES;
				CLANG_ENABLE_OBJC_WEAK = YES;
				CLANG_WARN_BLOCK_CAPTURE_AUTORELEASING = YES;
				CLANG_WARN_BOOL_CONVERSION = YES;
				CLANG_WARN_COMMA = YES;
				CLANG_WARN_CONSTANT_CONVERSION = YES;
				CLANG_WARN_DEPRECATED_OBJC_IMPLEMENTATIONS = YES;
				CLANG_WARN_DIRECT_OBJC_ISA_USAGE = YES_ERROR;
				CLANG_WARN_DOCUMENTATION_COMMENTS = YES;
				CLANG_WARN_EMPTY_BODY = YES;
				CLANG_WARN_ENUM_CONVERSION = YES;
				CLANG_WARN_INFINITE_RECURSION = YES;
				CLANG_WARN_INT_CONVERSION = YES;
				CLANG_WARN_NON_LITERAL_NULL_CONVERSION = YES;
				CLANG_WARN_OBJC_IMPLICIT_RETAIN_SELF = YES;
				CLANG_WARN_OBJC_LITERAL_CONVERSION = YES;
				CLANG_WARN_OBJC_ROOT_CLASS = YES_ERROR;
				CLANG_WARN_RANGE_LOOP_ANALYSIS = YES;
				CLANG_WARN_STRICT_PROTOTYPES = YES;
				CLANG_WARN_SUSPICIOUS_MOVE = YES;
				CLANG_WARN_UNGUARDED_AVAILABILITY = YES_AGGRESSIVE;
				CLANG_WARN_UNREACHABLE_CODE = YES;
				CLANG_WARN__DUPLICATE_METHOD_MATCH = YES;
				COPY_PHASE_STRIP = NO;
				DEBUG_INFORMATION_FORMAT = dwarf;
				ENABLE_STRICT_OBJC_MSGSEND = YES;
				ENABLE_TESTABILITY = YES;
				GCC_C_LANGUAGE_STANDARD = gnu11;
				GCC_DYNAMIC_NO_PIC = NO;
				GCC_NO_COMMON_BLOCKS = YES;
				GCC_OPTIMIZATION_LEVEL = 0;
				GCC_PREPROCESSOR_DEFINITIONS = (
					"DEBUG=1",
					"$(inherited)",
				);
				GCC_WARN_64_TO_32_BIT_CONVERSION = YES;
				GCC_WARN_ABOUT_RETURN_TYPE = YES_ERROR;
				GCC_WARN_UNDECLARED_SELECTOR = YES;
				GCC_WARN_UNINITIALIZED_AUTOS = YES_AGGRESSIVE;
				GCC_WARN_UNUSED_FUNCTION = YES;
				GCC_WARN_UNUSED_VARIABLE = YES;
				IPHONEOS_DEPLOYMENT_TARGET = 11.0;
				MTL_ENABLE_DEBUG_INFO = INCLUDE_SOURCE;
				MTL_FAST_MATH = YES;
				ONLY_ACTIVE_ARCH = YES;
				SDKROOT = iphoneos;
				SWIFT_ACTIVE_COMPILATION_CONDITIONS = DEBUG;
				SWIFT_OPTIMIZATION_LEVEL = "-Onone";
			};
			name = Debug;
		};
		D9A8423B23A22168003CDDAA /* Release */ = {
			isa = XCBuildConfiguration;
			buildSettings = {
				ALWAYS_SEARCH_USER_PATHS = NO;
				CLANG_ANALYZER_NONNULL = YES;
				CLANG_ANALYZER_NUMBER_OBJECT_CONVERSION = YES_AGGRESSIVE;
				CLANG_CXX_LANGUAGE_STANDARD = "gnu++14";
				CLANG_CXX_LIBRARY = "libc++";
				CLANG_ENABLE_MODULES = YES;
				CLANG_ENABLE_OBJC_ARC = YES;
				CLANG_ENABLE_OBJC_WEAK = YES;
				CLANG_WARN_BLOCK_CAPTURE_AUTORELEASING = YES;
				CLANG_WARN_BOOL_CONVERSION = YES;
				CLANG_WARN_COMMA = YES;
				CLANG_WARN_CONSTANT_CONVERSION = YES;
				CLANG_WARN_DEPRECATED_OBJC_IMPLEMENTATIONS = YES;
				CLANG_WARN_DIRECT_OBJC_ISA_USAGE = YES_ERROR;
				CLANG_WARN_DOCUMENTATION_COMMENTS = YES;
				CLANG_WARN_EMPTY_BODY = YES;
				CLANG_WARN_ENUM_CONVERSION = YES;
				CLANG_WARN_INFINITE_RECURSION = YES;
				CLANG_WARN_INT_CONVERSION = YES;
				CLANG_WARN_NON_LITERAL_NULL_CONVERSION = YES;
				CLANG_WARN_OBJC_IMPLICIT_RETAIN_SELF = YES;
				CLANG_WARN_OBJC_LITERAL_CONVERSION = YES;
				CLANG_WARN_OBJC_ROOT_CLASS = YES_ERROR;
				CLANG_WARN_RANGE_LOOP_ANALYSIS = YES;
				CLANG_WARN_STRICT_PROTOTYPES = YES;
				CLANG_WARN_SUSPICIOUS_MOVE = YES;
				CLANG_WARN_UNGUARDED_AVAILABILITY = YES_AGGRESSIVE;
				CLANG_WARN_UNREACHABLE_CODE = YES;
				CLANG_WARN__DUPLICATE_METHOD_MATCH = YES;
				COPY_PHASE_STRIP = NO;
				DEBUG_INFORMATION_FORMAT = "dwarf-with-dsym";
				ENABLE_NS_ASSERTIONS = NO;
				ENABLE_STRICT_OBJC_MSGSEND = YES;
				GCC_C_LANGUAGE_STANDARD = gnu11;
				GCC_NO_COMMON_BLOCKS = YES;
				GCC_WARN_64_TO_32_BIT_CONVERSION = YES;
				GCC_WARN_ABOUT_RETURN_TYPE = YES_ERROR;
				GCC_WARN_UNDECLARED_SELECTOR = YES;
				GCC_WARN_UNINITIALIZED_AUTOS = YES_AGGRESSIVE;
				GCC_WARN_UNUSED_FUNCTION = YES;
				GCC_WARN_UNUSED_VARIABLE = YES;
				IPHONEOS_DEPLOYMENT_TARGET = 11.0;
				MTL_ENABLE_DEBUG_INFO = NO;
				MTL_FAST_MATH = YES;
				SDKROOT = iphoneos;
				SWIFT_COMPILATION_MODE = wholemodule;
				SWIFT_OPTIMIZATION_LEVEL = "-O";
				VALIDATE_PRODUCT = YES;
			};
			name = Release;
		};
		D9A8423D23A22168003CDDAA /* Debug */ = {
			isa = XCBuildConfiguration;
			baseConfigurationReference = F5A3BFDF024D5299750D2647 /* Pods-NextMovie.debug.xcconfig */;
			buildSettings = {
				ASSETCATALOG_COMPILER_APPICON_NAME = AppIcon;
				CODE_SIGN_STYLE = Automatic;
				INFOPLIST_FILE = NextMovie/SupportingFiles/Info.plist;
				LD_RUNPATH_SEARCH_PATHS = (
					"$(inherited)",
					"@executable_path/Frameworks",
				);
				MARKETING_VERSION = 11.0;
				PRODUCT_BUNDLE_IDENTIFIER = fr.tonydam.NextMovie;
				PRODUCT_NAME = "$(TARGET_NAME)";
				SWIFT_VERSION = 4.2;
				TARGETED_DEVICE_FAMILY = "1,2";
			};
			name = Debug;
		};
		D9A8423E23A22168003CDDAA /* Release */ = {
			isa = XCBuildConfiguration;
			baseConfigurationReference = 6771E7730FB3BB41E9D927ED /* Pods-NextMovie.release.xcconfig */;
			buildSettings = {
				ASSETCATALOG_COMPILER_APPICON_NAME = AppIcon;
				CODE_SIGN_STYLE = Automatic;
				INFOPLIST_FILE = NextMovie/SupportingFiles/Info.plist;
				LD_RUNPATH_SEARCH_PATHS = (
					"$(inherited)",
					"@executable_path/Frameworks",
				);
				MARKETING_VERSION = 11.0;
				PRODUCT_BUNDLE_IDENTIFIER = fr.tonydam.NextMovie;
				PRODUCT_NAME = "$(TARGET_NAME)";
				SWIFT_VERSION = 4.2;
				TARGETED_DEVICE_FAMILY = "1,2";
			};
			name = Release;
		};
/* End XCBuildConfiguration section */

/* Begin XCConfigurationList section */
		D9A8422323A22166003CDDAA /* Build configuration list for PBXProject "NextMovie" */ = {
			isa = XCConfigurationList;
			buildConfigurations = (
				D9A8423A23A22168003CDDAA /* Debug */,
				D9A8423B23A22168003CDDAA /* Release */,
			);
			defaultConfigurationIsVisible = 0;
			defaultConfigurationName = Release;
		};
		D9A8423C23A22168003CDDAA /* Build configuration list for PBXNativeTarget "NextMovie" */ = {
			isa = XCConfigurationList;
			buildConfigurations = (
				D9A8423D23A22168003CDDAA /* Debug */,
				D9A8423E23A22168003CDDAA /* Release */,
			);
			defaultConfigurationIsVisible = 0;
			defaultConfigurationName = Release;
		};
/* End XCConfigurationList section */
	};
	rootObject = D9A8422023A22166003CDDAA /* Project object */;
}
